
Microsoft Visual Studio Solution File, Format Version 12.00
# Visual Studio Version 17
VisualStudioVersion = 17.13.35806.99 d17.13
MinimumVisualStudioVersion = 10.0.40219.1
Project("{FAE04EC0-301F-11D3-BF4B-00C04F79EFBC}") = "Cautrucngaxep", "Cautrucngaxep.csproj", "{58F67911-BC1F-4AB0-922B-2C62056F1EBA}"
EndProject
Global
	GlobalSection(SolutionConfigurationPlatforms) = preSolution
		Debug|Any CPU = Debug|Any CPU
		Release|Any CPU = Release|Any CPU
	EndGlobalSection
	GlobalSection(ProjectConfigurationPlatforms) = postSolution
		{58F67911-BC1F-4AB0-922B-2C62056F1EBA}.Debug|Any CPU.ActiveCfg = Debug|Any CPU
		{58F67911-BC1F-4AB0-922B-2C62056F1EBA}.Debug|Any CPU.Build.0 = Debug|Any CPU
		{58F67911-BC1F-4AB0-922B-2C62056F1EBA}.Release|Any CPU.ActiveCfg = Release|Any CPU
		{58F67911-BC1F-4AB0-922B-2C62056F1EBA}.Release|Any CPU.Build.0 = Release|Any CPU
	EndGlobalSection
	GlobalSection(SolutionProperties) = preSolution
		HideSolutionNode = FALSE
	EndGlobalSection
	GlobalSection(ExtensibilityGlobals) = postSolution
		SolutionGuid = {7888CA34-9DF8-433E-B569-1A558986D58A}
	EndGlobalSection
EndGlobal
